
Microsoft Visual Studio Solution File, Format Version 12.00
# Visual Studio 15
VisualStudioVersion = 15.0.28307.168
MinimumVisualStudioVersion = 10.0.40219.1
Project("{FAE04EC0-301F-11D3-BF4B-00C04F79EFBC}") = "Training_Project", "Training_Project\Training_Project.csproj", "{70D8BD18-C7B4-48F5-B1BD-F0C36D633FB1}"
EndProject
Global
	GlobalSection(SolutionConfigurationPlatforms) = preSolution
		Debug|Any CPU = Debug|Any CPU
		Release|Any CPU = Release|Any CPU
	EndGlobalSection
	GlobalSection(ProjectConfigurationPlatforms) = postSolution
		{70D8BD18-C7B4-48F5-B1BD-F0C36D633FB1}.Debug|Any CPU.ActiveCfg = Debug|Any CPU
		{70D8BD18-C7B4-48F5-B1BD-F0C36D633FB1}.Debug|Any CPU.Build.0 = Debug|Any CPU
		{70D8BD18-C7B4-48F5-B1BD-F0C36D633FB1}.Release|Any CPU.ActiveCfg = Release|Any CPU
		{70D8BD18-C7B4-48F5-B1BD-F0C36D633FB1}.Release|Any CPU.Build.0 = Release|Any CPU
	EndGlobalSection
	GlobalSection(SolutionProperties) = preSolution
		HideSolutionNode = FALSE
	EndGlobalSection
	GlobalSection(ExtensibilityGlobals) = postSolution
		SolutionGuid = {86F1D561-B437-401A-BB09-75FA25E09D28}
	EndGlobalSection
EndGlobal
